<?xml version="1.0" encoding="utf-8"?>
<Project ToolsVersion="4.0" xmlns="http://schemas.microsoft.com/developer/msbuild/2003">
  <ItemGroup>
    <Filter Include="Исходные файлы">
      <UniqueIdentifier>{4FC737F1-C7A5-4376-A066-2A32D752A2FF}</UniqueIdentifier>
      <Extensions>cpp;c;cc;cxx;c++;cppm;ixx;def;odl;idl;hpj;bat;asm;asmx</Extensions>
    </Filter>
    <Filter Include="Файлы заголовков">
      <UniqueIdentifier>{93995380-89BD-4b04-88EB-625FBE52EBFB}</UniqueIdentifier>
      <Extensions>h;hh;hpp;hxx;h++;hm;inl;inc;ipp;xsd</Extensions>
    </Filter>
    <Filter Include="Файлы ресурсов">
      <UniqueIdentifier>{67DA6AB6-F800-4c08-8B7A-83BB121AAD01}</UniqueIdentifier>
      <Extensions>rc;ico;cur;bmp;dlg;rc2;rct;bin;rgs;gif;jpg;jpeg;jpe;resx;tiff;tif;png;wav;mfcribbon-ms</Extensions>
    </Filter>
  </ItemGroup>
  <ItemGroup>
    <ClInclude Include="framework.h">
      <Filter>Файлы заголовков</Filter>
    </ClInclude>
    <ClInclude Include="targetver.h">
      <Filter>Файлы заголовков</Filter>
    </ClInclude>
    <ClInclude Include="Resource.h">
      <Filter>Файлы заголовков</Filter>
    </ClInclude>
    <ClInclude Include="main.h">
      <Filter>Файлы заголовков</Filter>
    </ClInclude>
    <ClInclude Include="preprocessing.h">
      <Filter>Файлы заголовков</Filter>
    </ClInclude>
    <ClInclude Include="segmentation.h">
      <Filter>Файлы заголовков</Filter>
    </ClInclude>
    <ClInclude Include="recognition.h">
      <Filter>Файлы заголовков</Filter>
    </ClInclude>
    <ClInclude Include="postprocessing.h">
      <Filter>Файлы заголовков</Filter>
    </ClInclude>
  </ItemGroup>
  <ItemGroup>
    <ClCompile Include="main.cpp">
      <Filter>Исходные файлы</Filter>
    </ClCompile>
    <ClCompile Include="preprocessing.cpp">
      <Filter>Исходные файлы</Filter>
    </ClCompile>
    <ClCompile Include="segmentation.cpp">
      <Filter>Исходные файлы</Filter>
    </ClCompile>
    <ClCompile Include="recognition.cpp">
      <Filter>Исходные файлы</Filter>
    </ClCompile>
    <ClCompile Include="postprocessing.cpp">
      <Filter>Исходные файлы</Filter>
    </ClCompile>
  </ItemGroup>
  <ItemGroup>
    <Image Include="small.ico">
      <Filter>Файлы ресурсов</Filter>
    </Image>
    <Image Include="text-recognition.ico">
      <Filter>Файлы ресурсов</Filter>
    </Image>
    <Image Include="..\preload-image.bmp">
      <Filter>Файлы ресурсов</Filter>
    </Image>
    <Image Include="..\templates\0.bmp">
      <Filter>Файлы ресурсов</Filter>
    </Image>
    <Image Include="..\templates\1.bmp">
      <Filter>Файлы ресурсов</Filter>
    </Image>
    <Image Include="..\templates\2.bmp">
      <Filter>Файлы ресурсов</Filter>
    </Image>
    <Image Include="..\templates\3.bmp">
      <Filter>Файлы ресурсов</Filter>
    </Image>
    <Image Include="..\templates\4.bmp">
      <Filter>Файлы ресурсов</Filter>
    </Image>
    <Image Include="..\templates\5.bmp">
      <Filter>Файлы ресурсов</Filter>
    </Image>
    <Image Include="..\templates\6.bmp">
      <Filter>Файлы ресурсов</Filter>
    </Image>
    <Image Include="..\templates\7.bmp">
      <Filter>Файлы ресурсов</Filter>
    </Image>
    <Image Include="..\templates\8.bmp">
      <Filter>Файлы ресурсов</Filter>
    </Image>
    <Image Include="..\templates\9.bmp">
      <Filter>Файлы ресурсов</Filter>
    </Image>
    <Image Include="..\templates\10.bmp">
      <Filter>Файлы ресурсов</Filter>
    </Image>
    <Image Include="..\templates\11.bmp">
      <Filter>Файлы ресурсов</Filter>
    </Image>
    <Image Include="..\templates\12.bmp">
      <Filter>Файлы ресурсов</Filter>
    </Image>
    <Image Include="..\templates\13.bmp">
      <Filter>Файлы ресурсов</Filter>
    </Image>
    <Image Include="..\templates\14.bmp">
      <Filter>Файлы ресурсов</Filter>
    </Image>
    <Image Include="..\templates\15.bmp">
      <Filter>Файлы ресурсов</Filter>
    </Image>
    <Image Include="..\templates\16.bmp">
      <Filter>Файлы ресурсов</Filter>
    </Image>
    <Image Include="..\templates\17.bmp">
      <Filter>Файлы ресурсов</Filter>
    </Image>
    <Image Include="..\templates\18.bmp">
      <Filter>Файлы ресурсов</Filter>
    </Image>
    <Image Include="..\templates\19.bmp">
      <Filter>Файлы ресурсов</Filter>
    </Image>
    <Image Include="..\templates\20.bmp">
      <Filter>Файлы ресурсов</Filter>
    </Image>
    <Image Include="..\templates\21.bmp">
      <Filter>Файлы ресурсов</Filter>
    </Image>
    <Image Include="..\templates\22.bmp">
      <Filter>Файлы ресурсов</Filter>
    </Image>
    <Image Include="..\templates\23.bmp">
      <Filter>Файлы ресурсов</Filter>
    </Image>
    <Image Include="..\templates\24.bmp">
      <Filter>Файлы ресурсов</Filter>
    </Image>
    <Image Include="..\templates\25.bmp">
      <Filter>Файлы ресурсов</Filter>
    </Image>
    <Image Include="..\templates\26.bmp">
      <Filter>Файлы ресурсов</Filter>
    </Image>
    <Image Include="..\templates\27.bmp">
      <Filter>Файлы ресурсов</Filter>
    </Image>
    <Image Include="..\templates\28.bmp">
      <Filter>Файлы ресурсов</Filter>
    </Image>
    <Image Include="..\templates\29.bmp">
      <Filter>Файлы ресурсов</Filter>
    </Image>
    <Image Include="..\templates\30.bmp">
      <Filter>Файлы ресурсов</Filter>
    </Image>
    <Image Include="..\templates\31.bmp">
      <Filter>Файлы ресурсов</Filter>
    </Image>
    <Image Include="..\templates\32.bmp">
      <Filter>Файлы ресурсов</Filter>
    </Image>
    <Image Include="..\templates\33.bmp">
      <Filter>Файлы ресурсов</Filter>
    </Image>
    <Image Include="..\templates\34.bmp">
      <Filter>Файлы ресурсов</Filter>
    </Image>
    <Image Include="..\templates\35.bmp">
      <Filter>Файлы ресурсов</Filter>
    </Image>
    <Image Include="..\templates\36.bmp">
      <Filter>Файлы ресурсов</Filter>
    </Image>
    <Image Include="..\templates\37.bmp">
      <Filter>Файлы ресурсов</Filter>
    </Image>
    <Image Include="..\templates\38.bmp">
      <Filter>Файлы ресурсов</Filter>
    </Image>
    <Image Include="..\templates\39.bmp">
      <Filter>Файлы ресурсов</Filter>
    </Image>
    <Image Include="..\templates\40.bmp">
      <Filter>Файлы ресурсов</Filter>
    </Image>
    <Image Include="..\templates\41.bmp">
      <Filter>Файлы ресурсов</Filter>
    </Image>
    <Image Include="..\templates\42.bmp">
      <Filter>Файлы ресурсов</Filter>
    </Image>
    <Image Include="..\templates\43.bmp">
      <Filter>Файлы ресурсов</Filter>
    </Image>
    <Image Include="..\templates\44.bmp">
      <Filter>Файлы ресурсов</Filter>
    </Image>
    <Image Include="..\templates\45.bmp">
      <Filter>Файлы ресурсов</Filter>
    </Image>
    <Image Include="..\templates\46.bmp">
      <Filter>Файлы ресурсов</Filter>
    </Image>
    <Image Include="..\templates\47.bmp">
      <Filter>Файлы ресурсов</Filter>
    </Image>
    <Image Include="..\templates\48.bmp">
      <Filter>Файлы ресурсов</Filter>
    </Image>
    <Image Include="..\templates\49.bmp">
      <Filter>Файлы ресурсов</Filter>
    </Image>
    <Image Include="..\templates\50.bmp">
      <Filter>Файлы ресурсов</Filter>
    </Image>
    <Image Include="..\templates\51.bmp">
      <Filter>Файлы ресурсов</Filter>
    </Image>
    <Image Include="..\templates\52.bmp">
      <Filter>Файлы ресурсов</Filter>
    </Image>
    <Image Include="..\templates\53.bmp">
      <Filter>Файлы ресурсов</Filter>
    </Image>
    <Image Include="..\templates\54.bmp">
      <Filter>Файлы ресурсов</Filter>
    </Image>
    <Image Include="..\templates\55.bmp">
      <Filter>Файлы ресурсов</Filter>
    </Image>
    <Image Include="..\templates\56.bmp">
      <Filter>Файлы ресурсов</Filter>
    </Image>
    <Image Include="..\templates\57.bmp">
      <Filter>Файлы ресурсов</Filter>
    </Image>
    <Image Include="..\templates\58.bmp">
      <Filter>Файлы ресурсов</Filter>
    </Image>
    <Image Include="..\templates\59.bmp">
      <Filter>Файлы ресурсов</Filter>
    </Image>
    <Image Include="..\templates\60.bmp">
      <Filter>Файлы ресурсов</Filter>
    </Image>
    <Image Include="..\templates\61.bmp">
      <Filter>Файлы ресурсов</Filter>
    </Image>
    <Image Include="..\templates\62.bmp">
      <Filter>Файлы ресурсов</Filter>
    </Image>
    <Image Include="..\templates\63.bmp">
      <Filter>Файлы ресурсов</Filter>
    </Image>
    <Image Include="..\templates\64.bmp">
      <Filter>Файлы ресурсов</Filter>
    </Image>
    <Image Include="..\templates\65.bmp">
      <Filter>Файлы ресурсов</Filter>
    </Image>
  </ItemGroup>
  <ItemGroup>
    <ResourceCompile Include="text-recognition.rc">
      <Filter>Файлы ресурсов</Filter>
    </ResourceCompile>
  </ItemGroup>
</Project>